
Microsoft Visual Studio Solution File, Format Version 12.00
# Visual Studio 2013
VisualStudioVersion = 12.0.21005.1
MinimumVisualStudioVersion = 10.0.40219.1
Project("{FAE04EC0-301F-11D3-BF4B-00C04F79EFBC}") = "RITS.StrymonEditor", "RITS.StrymonEditor\RITS.StrymonEditor.csproj", "{406CBEED-017D-4692-BCE5-C273F5FB136B}"
EndProject
Project("{FAE04EC0-301F-11D3-BF4B-00C04F79EFBC}") = "RITS.StrymonEditor.Tests", "RITS.StrymonEditor.Tests\RITS.StrymonEditor.Tests.csproj", "{52DAAA85-181D-450D-98A8-D231B72BDB89}"
EndProject
Project("{FAE04EC0-301F-11D3-BF4B-00C04F79EFBC}") = "Midi", "midi-dot-net\Midi\Midi.csproj", "{F60D8B7B-2D2E-4B94-A736-3783FFE1A25C}"
EndProject
Project("{2150E333-8FDC-42A3-9474-1A3956D46DE8}") = "Docs", "Docs", "{24BE646B-4CEF-430F-A52B-42C07AA08699}"
	ProjectSection(SolutionItems) = preProject
		RITS.StrymonEditor\BigSky_Manual.pdf = RITS.StrymonEditor\BigSky_Manual.pdf
		RITS.StrymonEditor\CCTable.xlsx = RITS.StrymonEditor\CCTable.xlsx
		RITS.StrymonEditor\Mobius_Manual.pdf = RITS.StrymonEditor\Mobius_Manual.pdf
		RITS.StrymonEditor\Strymon Editors User Guide.docx = RITS.StrymonEditor\Strymon Editors User Guide.docx
		RITS.StrymonEditor\Strymon Timeline Parameter Address Map.docx = RITS.StrymonEditor\Strymon Timeline Parameter Address Map.docx
		RITS.StrymonEditor\TimeLine_Manual.pdf = RITS.StrymonEditor\TimeLine_Manual.pdf
	EndProjectSection
EndProject
Project("{FAE04EC0-301F-11D3-BF4B-00C04F79EFBC}") = "RITS.StrymonEditor.Updater", "RITS.StrymonEditor.Updater\RITS.StrymonEditor.Updater.csproj", "{0CFED3AA-9897-4DB8-9705-02837B3FFB01}"
EndProject
Project("{2150E333-8FDC-42A3-9474-1A3956D46DE8}") = "Lib", "Lib", "{1DE95545-B6EB-4401-8778-3389D07A8056}"
	ProjectSection(SolutionItems) = preProject
		Lib\ICSharpCode.SharpZipLib.dll = Lib\ICSharpCode.SharpZipLib.dll
	EndProjectSection
EndProject
Project("{2150E333-8FDC-42A3-9474-1A3956D46DE8}") = "Solution Items", "Solution Items", "{245D9BB9-6FBC-4DD5-8660-D2C340155BAB}"
	ProjectSection(SolutionItems) = preProject
		Default.runsettings = Default.runsettings
	EndProjectSection
EndProject
Global
	GlobalSection(SolutionConfigurationPlatforms) = preSolution
		Debug|Any CPU = Debug|Any CPU
		Debug|x86 = Debug|x86
		Release|Any CPU = Release|Any CPU
		Release|x86 = Release|x86
	EndGlobalSection
	GlobalSection(ProjectConfigurationPlatforms) = postSolution
		{406CBEED-017D-4692-BCE5-C273F5FB136B}.Debug|Any CPU.ActiveCfg = Debug|Any CPU
		{406CBEED-017D-4692-BCE5-C273F5FB136B}.Debug|Any CPU.Build.0 = Debug|Any CPU
		{406CBEED-017D-4692-BCE5-C273F5FB136B}.Debug|x86.ActiveCfg = Debug|x86
		{406CBEED-017D-4692-BCE5-C273F5FB136B}.Debug|x86.Build.0 = Debug|x86
		{406CBEED-017D-4692-BCE5-C273F5FB136B}.Release|Any CPU.ActiveCfg = Release|Any CPU
		{406CBEED-017D-4692-BCE5-C273F5FB136B}.Release|Any CPU.Build.0 = Release|Any CPU
		{406CBEED-017D-4692-BCE5-C273F5FB136B}.Release|x86.ActiveCfg = Release|x86
		{406CBEED-017D-4692-BCE5-C273F5FB136B}.Release|x86.Build.0 = Release|x86
		{52DAAA85-181D-450D-98A8-D231B72BDB89}.Debug|Any CPU.ActiveCfg = Debug|Any CPU
		{52DAAA85-181D-450D-98A8-D231B72BDB89}.Debug|Any CPU.Build.0 = Debug|Any CPU
		{52DAAA85-181D-450D-98A8-D231B72BDB89}.Debug|x86.ActiveCfg = Debug|Any CPU
		{52DAAA85-181D-450D-98A8-D231B72BDB89}.Release|Any CPU.ActiveCfg = Release|Any CPU
		{52DAAA85-181D-450D-98A8-D231B72BDB89}.Release|Any CPU.Build.0 = Release|Any CPU
		{52DAAA85-181D-450D-98A8-D231B72BDB89}.Release|x86.ActiveCfg = Release|Any CPU
		{F60D8B7B-2D2E-4B94-A736-3783FFE1A25C}.Debug|Any CPU.ActiveCfg = Debug|Any CPU
		{F60D8B7B-2D2E-4B94-A736-3783FFE1A25C}.Debug|Any CPU.Build.0 = Debug|Any CPU
		{F60D8B7B-2D2E-4B94-A736-3783FFE1A25C}.Debug|x86.ActiveCfg = Debug|Any CPU
		{F60D8B7B-2D2E-4B94-A736-3783FFE1A25C}.Release|Any CPU.ActiveCfg = Release|Any CPU
		{F60D8B7B-2D2E-4B94-A736-3783FFE1A25C}.Release|Any CPU.Build.0 = Release|Any CPU
		{F60D8B7B-2D2E-4B94-A736-3783FFE1A25C}.Release|x86.ActiveCfg = Release|Any CPU
		{0CFED3AA-9897-4DB8-9705-02837B3FFB01}.Debug|Any CPU.ActiveCfg = Debug|Any CPU
		{0CFED3AA-9897-4DB8-9705-02837B3FFB01}.Debug|Any CPU.Build.0 = Debug|Any CPU
		{0CFED3AA-9897-4DB8-9705-02837B3FFB01}.Debug|x86.ActiveCfg = Debug|Any CPU
		{0CFED3AA-9897-4DB8-9705-02837B3FFB01}.Release|Any CPU.ActiveCfg = Release|Any CPU
		{0CFED3AA-9897-4DB8-9705-02837B3FFB01}.Release|Any CPU.Build.0 = Release|Any CPU
		{0CFED3AA-9897-4DB8-9705-02837B3FFB01}.Release|x86.ActiveCfg = Release|Any CPU
	EndGlobalSection
	GlobalSection(SolutionProperties) = preSolution
		HideSolutionNode = FALSE
	EndGlobalSection
EndGlobal
